
Microsoft Visual Studio Solution File, Format Version 11.00
# Visual Studio 2010
Project("{FAE04EC0-301F-11D3-BF4B-00C04F79EFBC}") = "Assembly-CSharp", "Assembly-CSharp.csproj", "{b28fb5b2-6244-0c6b-a872-40dd957e5fe0}"
EndProject
Project("{FAE04EC0-301F-11D3-BF4B-00C04F79EFBC}") = "Boxophobic.Utils.Scripts", "Boxophobic.Utils.Scripts.csproj", "{5ca63b97-1ca5-b9ad-fd40-840f4b6dee99}"
EndProject
Project("{FAE04EC0-301F-11D3-BF4B-00C04F79EFBC}") = "Boxophobic.Utils.Editor", "Boxophobic.Utils.Editor.csproj", "{146c6a0c-3815-608b-6137-45a909c3d8c1}"
EndProject
Project("{FAE04EC0-301F-11D3-BF4B-00C04F79EFBC}") = "Boxophobic.SkyboxCubemapExtended.Editor", "Boxophobic.SkyboxCubemapExtended.Editor.csproj", "{1de7b0d4-ce22-163b-694a-87f99a0cae71}"
EndProject
Project("{FAE04EC0-301F-11D3-BF4B-00C04F79EFBC}") = "Assembly-CSharp-Editor", "Assembly-CSharp-Editor.csproj", "{da69075a-da25-8da6-ba58-6ed404cb536b}"
EndProject
Global
	GlobalSection(SolutionConfigurationPlatforms) = preSolution
		Debug|Any CPU = Debug|Any CPU
	EndGlobalSection
	GlobalSection(ProjectConfigurationPlatforms) = postSolution
		{b28fb5b2-6244-0c6b-a872-40dd957e5fe0}.Debug|Any CPU.ActiveCfg = Debug|Any CPU
		{b28fb5b2-6244-0c6b-a872-40dd957e5fe0}.Debug|Any CPU.Build.0 = Debug|Any CPU
		{5ca63b97-1ca5-b9ad-fd40-840f4b6dee99}.Debug|Any CPU.ActiveCfg = Debug|Any CPU
		{5ca63b97-1ca5-b9ad-fd40-840f4b6dee99}.Debug|Any CPU.Build.0 = Debug|Any CPU
		{146c6a0c-3815-608b-6137-45a909c3d8c1}.Debug|Any CPU.ActiveCfg = Debug|Any CPU
		{146c6a0c-3815-608b-6137-45a909c3d8c1}.Debug|Any CPU.Build.0 = Debug|Any CPU
		{1de7b0d4-ce22-163b-694a-87f99a0cae71}.Debug|Any CPU.ActiveCfg = Debug|Any CPU
		{1de7b0d4-ce22-163b-694a-87f99a0cae71}.Debug|Any CPU.Build.0 = Debug|Any CPU
		{da69075a-da25-8da6-ba58-6ed404cb536b}.Debug|Any CPU.ActiveCfg = Debug|Any CPU
		{da69075a-da25-8da6-ba58-6ed404cb536b}.Debug|Any CPU.Build.0 = Debug|Any CPU
	EndGlobalSection
	GlobalSection(SolutionProperties) = preSolution
		HideSolutionNode = FALSE
	EndGlobalSection
EndGlobal
